
Microsoft Visual Studio Solution File, Format Version 12.00
# Visual Studio 15
VisualStudioVersion = 15.0.28307.705
MinimumVisualStudioVersion = 10.0.40219.1
Project("{FAE04EC0-301F-11D3-BF4B-00C04F79EFBC}") = "Plugin.MultiPicture", "Plugin.MultiPicture\Plugin.MultiPicture.csproj", "{BC59FA27-2DF4-4369-8F1E-9AE224965E04}"
EndProject
Global
	GlobalSection(SolutionConfigurationPlatforms) = preSolution
		Debug|Any CPU = Debug|Any CPU
		Release|Any CPU = Release|Any CPU
	EndGlobalSection
	GlobalSection(ProjectConfigurationPlatforms) = postSolution
		{BC59FA27-2DF4-4369-8F1E-9AE224965E04}.Debug|Any CPU.ActiveCfg = Debug|Any CPU
		{BC59FA27-2DF4-4369-8F1E-9AE224965E04}.Debug|Any CPU.Build.0 = Debug|Any CPU
		{BC59FA27-2DF4-4369-8F1E-9AE224965E04}.Release|Any CPU.ActiveCfg = Release|Any CPU
		{BC59FA27-2DF4-4369-8F1E-9AE224965E04}.Release|Any CPU.Build.0 = Release|Any CPU
	EndGlobalSection
	GlobalSection(SolutionProperties) = preSolution
		HideSolutionNode = FALSE
	EndGlobalSection
	GlobalSection(ExtensibilityGlobals) = postSolution
		SolutionGuid = {E7FEED98-BDB3-4368-B612-2C0D536BF3E5}
	EndGlobalSection
EndGlobal
